
Microsoft Visual Studio Solution File, Format Version 12.00
# Visual Studio Version 17
VisualStudioVersion = 17.0.31903.59
MinimumVisualStudioVersion = 10.0.40219.1
Project("{FAE04EC0-301F-11D3-BF4B-00C04F79EFBC}") = "Wigo4it.CodeGuidelines.McpServer", "Wigo4it.CodeGuidelines.McpServer\Wigo4it.CodeGuidelines.McpServer.csproj", "{295C340A-2F7E-4AE2-BE40-E09D36E2EAA3}"
EndProject
Project("{FAE04EC0-301F-11D3-BF4B-00C04F79EFBC}") = "Wigo4it.CodeGuidelines.Server", "Wigo4it.CodeGuidelines.Server\Wigo4it.CodeGuidelines.Server.csproj", "{355E14FF-DDBE-4355-A5D6-D04C17E701C1}"
EndProject
Project("{FAE04EC0-301F-11D3-BF4B-00C04F79EFBC}") = "Wigo4it.CodeGuidelines.Tests", "Wigo4it.CodeGuidelines.Tests\Wigo4it.CodeGuidelines.Tests.csproj", "{C78B7369-6B84-4B2F-BA4A-F7FCE5ED07AA}"
EndProject
Global
	GlobalSection(SolutionConfigurationPlatforms) = preSolution
		Debug|Any CPU = Debug|Any CPU
		Debug|x64 = Debug|x64
		Debug|x86 = Debug|x86
		Release|Any CPU = Release|Any CPU
		Release|x64 = Release|x64
		Release|x86 = Release|x86
	EndGlobalSection
	GlobalSection(ProjectConfigurationPlatforms) = postSolution
		{295C340A-2F7E-4AE2-BE40-E09D36E2EAA3}.Debug|Any CPU.ActiveCfg = Debug|Any CPU
		{295C340A-2F7E-4AE2-BE40-E09D36E2EAA3}.Debug|Any CPU.Build.0 = Debug|Any CPU
		{295C340A-2F7E-4AE2-BE40-E09D36E2EAA3}.Debug|x64.ActiveCfg = Debug|Any CPU
		{295C340A-2F7E-4AE2-BE40-E09D36E2EAA3}.Debug|x64.Build.0 = Debug|Any CPU
		{295C340A-2F7E-4AE2-BE40-E09D36E2EAA3}.Debug|x86.ActiveCfg = Debug|Any CPU
		{295C340A-2F7E-4AE2-BE40-E09D36E2EAA3}.Debug|x86.Build.0 = Debug|Any CPU
		{295C340A-2F7E-4AE2-BE40-E09D36E2EAA3}.Release|Any CPU.ActiveCfg = Release|Any CPU
		{295C340A-2F7E-4AE2-BE40-E09D36E2EAA3}.Release|Any CPU.Build.0 = Release|Any CPU
		{295C340A-2F7E-4AE2-BE40-E09D36E2EAA3}.Release|x64.ActiveCfg = Release|Any CPU
		{295C340A-2F7E-4AE2-BE40-E09D36E2EAA3}.Release|x64.Build.0 = Release|Any CPU
		{295C340A-2F7E-4AE2-BE40-E09D36E2EAA3}.Release|x86.ActiveCfg = Release|Any CPU
		{295C340A-2F7E-4AE2-BE40-E09D36E2EAA3}.Release|x86.Build.0 = Release|Any CPU
		{355E14FF-DDBE-4355-A5D6-D04C17E701C1}.Debug|Any CPU.ActiveCfg = Debug|Any CPU
		{355E14FF-DDBE-4355-A5D6-D04C17E701C1}.Debug|Any CPU.Build.0 = Debug|Any CPU
		{355E14FF-DDBE-4355-A5D6-D04C17E701C1}.Debug|x64.ActiveCfg = Debug|Any CPU
		{355E14FF-DDBE-4355-A5D6-D04C17E701C1}.Debug|x64.Build.0 = Debug|Any CPU
		{355E14FF-DDBE-4355-A5D6-D04C17E701C1}.Debug|x86.ActiveCfg = Debug|Any CPU
		{355E14FF-DDBE-4355-A5D6-D04C17E701C1}.Debug|x86.Build.0 = Debug|Any CPU
		{355E14FF-DDBE-4355-A5D6-D04C17E701C1}.Release|Any CPU.ActiveCfg = Release|Any CPU
		{355E14FF-DDBE-4355-A5D6-D04C17E701C1}.Release|Any CPU.Build.0 = Release|Any CPU
		{355E14FF-DDBE-4355-A5D6-D04C17E701C1}.Release|x64.ActiveCfg = Release|Any CPU
		{355E14FF-DDBE-4355-A5D6-D04C17E701C1}.Release|x64.Build.0 = Release|Any CPU
		{355E14FF-DDBE-4355-A5D6-D04C17E701C1}.Release|x86.ActiveCfg = Release|Any CPU
		{355E14FF-DDBE-4355-A5D6-D04C17E701C1}.Release|x86.Build.0 = Release|Any CPU
		{C78B7369-6B84-4B2F-BA4A-F7FCE5ED07AA}.Debug|Any CPU.ActiveCfg = Debug|Any CPU
		{C78B7369-6B84-4B2F-BA4A-F7FCE5ED07AA}.Debug|Any CPU.Build.0 = Debug|Any CPU
		{C78B7369-6B84-4B2F-BA4A-F7FCE5ED07AA}.Debug|x64.ActiveCfg = Debug|Any CPU
		{C78B7369-6B84-4B2F-BA4A-F7FCE5ED07AA}.Debug|x64.Build.0 = Debug|Any CPU
		{C78B7369-6B84-4B2F-BA4A-F7FCE5ED07AA}.Debug|x86.ActiveCfg = Debug|Any CPU
		{C78B7369-6B84-4B2F-BA4A-F7FCE5ED07AA}.Debug|x86.Build.0 = Debug|Any CPU
		{C78B7369-6B84-4B2F-BA4A-F7FCE5ED07AA}.Release|Any CPU.ActiveCfg = Release|Any CPU
		{C78B7369-6B84-4B2F-BA4A-F7FCE5ED07AA}.Release|Any CPU.Build.0 = Release|Any CPU
		{C78B7369-6B84-4B2F-BA4A-F7FCE5ED07AA}.Release|x64.ActiveCfg = Release|Any CPU
		{C78B7369-6B84-4B2F-BA4A-F7FCE5ED07AA}.Release|x64.Build.0 = Release|Any CPU
		{C78B7369-6B84-4B2F-BA4A-F7FCE5ED07AA}.Release|x86.ActiveCfg = Release|Any CPU
		{C78B7369-6B84-4B2F-BA4A-F7FCE5ED07AA}.Release|x86.Build.0 = Release|Any CPU
	EndGlobalSection
	GlobalSection(SolutionProperties) = preSolution
		HideSolutionNode = FALSE
	EndGlobalSection
EndGlobal
