
Microsoft Visual Studio Solution File, Format Version 12.00
# Visual Studio Version 17
VisualStudioVersion = 17.0.31903.59
MinimumVisualStudioVersion = 10.0.40219.1
Project("{FAE04EC0-301F-11D3-BF4B-00C04F79EFBC}") = "Wigo4it.CodingGuidelines.Core", "Wigo4it.CodingGuidelines.Core\Wigo4it.CodingGuidelines.Core.csproj", "{759D417D-B803-4873-B1FE-6552D808797E}"
EndProject
Project("{FAE04EC0-301F-11D3-BF4B-00C04F79EFBC}") = "Wigo4it.CodingGuidelines.McpServer", "Wigo4it.CodingGuidelines.McpServer\Wigo4it.CodingGuidelines.McpServer.csproj", "{5244BDE3-D992-4A5D-927D-452A166CAA2F}"
EndProject
Project("{FAE04EC0-301F-11D3-BF4B-00C04F79EFBC}") = "Wigo4it.CodingGuidelines.Tests", "Wigo4it.CodingGuidelines.Tests\Wigo4it.CodingGuidelines.Tests.csproj", "{1D455CC8-412C-4FA7-8FA0-DBDCC96E1267}"
EndProject
Global
	GlobalSection(SolutionConfigurationPlatforms) = preSolution
		Debug|Any CPU = Debug|Any CPU
		Debug|x64 = Debug|x64
		Debug|x86 = Debug|x86
		Release|Any CPU = Release|Any CPU
		Release|x64 = Release|x64
		Release|x86 = Release|x86
	EndGlobalSection
	GlobalSection(ProjectConfigurationPlatforms) = postSolution
		{759D417D-B803-4873-B1FE-6552D808797E}.Debug|Any CPU.ActiveCfg = Debug|Any CPU
		{759D417D-B803-4873-B1FE-6552D808797E}.Debug|Any CPU.Build.0 = Debug|Any CPU
		{759D417D-B803-4873-B1FE-6552D808797E}.Debug|x64.ActiveCfg = Debug|Any CPU
		{759D417D-B803-4873-B1FE-6552D808797E}.Debug|x64.Build.0 = Debug|Any CPU
		{759D417D-B803-4873-B1FE-6552D808797E}.Debug|x86.ActiveCfg = Debug|Any CPU
		{759D417D-B803-4873-B1FE-6552D808797E}.Debug|x86.Build.0 = Debug|Any CPU
		{759D417D-B803-4873-B1FE-6552D808797E}.Release|Any CPU.ActiveCfg = Release|Any CPU
		{759D417D-B803-4873-B1FE-6552D808797E}.Release|Any CPU.Build.0 = Release|Any CPU
		{759D417D-B803-4873-B1FE-6552D808797E}.Release|x64.ActiveCfg = Release|Any CPU
		{759D417D-B803-4873-B1FE-6552D808797E}.Release|x64.Build.0 = Release|Any CPU
		{759D417D-B803-4873-B1FE-6552D808797E}.Release|x86.ActiveCfg = Release|Any CPU
		{759D417D-B803-4873-B1FE-6552D808797E}.Release|x86.Build.0 = Release|Any CPU
		{5244BDE3-D992-4A5D-927D-452A166CAA2F}.Debug|Any CPU.ActiveCfg = Debug|Any CPU
		{5244BDE3-D992-4A5D-927D-452A166CAA2F}.Debug|Any CPU.Build.0 = Debug|Any CPU
		{5244BDE3-D992-4A5D-927D-452A166CAA2F}.Debug|x64.ActiveCfg = Debug|Any CPU
		{5244BDE3-D992-4A5D-927D-452A166CAA2F}.Debug|x64.Build.0 = Debug|Any CPU
		{5244BDE3-D992-4A5D-927D-452A166CAA2F}.Debug|x86.ActiveCfg = Debug|Any CPU
		{5244BDE3-D992-4A5D-927D-452A166CAA2F}.Debug|x86.Build.0 = Debug|Any CPU
		{5244BDE3-D992-4A5D-927D-452A166CAA2F}.Release|Any CPU.ActiveCfg = Release|Any CPU
		{5244BDE3-D992-4A5D-927D-452A166CAA2F}.Release|Any CPU.Build.0 = Release|Any CPU
		{5244BDE3-D992-4A5D-927D-452A166CAA2F}.Release|x64.ActiveCfg = Release|Any CPU
		{5244BDE3-D992-4A5D-927D-452A166CAA2F}.Release|x64.Build.0 = Release|Any CPU
		{5244BDE3-D992-4A5D-927D-452A166CAA2F}.Release|x86.ActiveCfg = Release|Any CPU
		{5244BDE3-D992-4A5D-927D-452A166CAA2F}.Release|x86.Build.0 = Release|Any CPU
		{1D455CC8-412C-4FA7-8FA0-DBDCC96E1267}.Debug|Any CPU.ActiveCfg = Debug|Any CPU
		{1D455CC8-412C-4FA7-8FA0-DBDCC96E1267}.Debug|Any CPU.Build.0 = Debug|Any CPU
		{1D455CC8-412C-4FA7-8FA0-DBDCC96E1267}.Debug|x64.ActiveCfg = Debug|Any CPU
		{1D455CC8-412C-4FA7-8FA0-DBDCC96E1267}.Debug|x64.Build.0 = Debug|Any CPU
		{1D455CC8-412C-4FA7-8FA0-DBDCC96E1267}.Debug|x86.ActiveCfg = Debug|Any CPU
		{1D455CC8-412C-4FA7-8FA0-DBDCC96E1267}.Debug|x86.Build.0 = Debug|Any CPU
		{1D455CC8-412C-4FA7-8FA0-DBDCC96E1267}.Release|Any CPU.ActiveCfg = Release|Any CPU
		{1D455CC8-412C-4FA7-8FA0-DBDCC96E1267}.Release|Any CPU.Build.0 = Release|Any CPU
		{1D455CC8-412C-4FA7-8FA0-DBDCC96E1267}.Release|x64.ActiveCfg = Release|Any CPU
		{1D455CC8-412C-4FA7-8FA0-DBDCC96E1267}.Release|x64.Build.0 = Release|Any CPU
		{1D455CC8-412C-4FA7-8FA0-DBDCC96E1267}.Release|x86.ActiveCfg = Release|Any CPU
		{1D455CC8-412C-4FA7-8FA0-DBDCC96E1267}.Release|x86.Build.0 = Release|Any CPU
	EndGlobalSection
	GlobalSection(SolutionProperties) = preSolution
		HideSolutionNode = FALSE
	EndGlobalSection
EndGlobal
